
Microsoft Visual Studio Solution File, Format Version 12.00
# Visual Studio Version 16
VisualStudioVersion = 16.0.30114.105
MinimumVisualStudioVersion = 10.0.40219.1
Project("{F2A71F9B-5D33-465A-A702-920D77279786}") = "MinimalApi", "MinimalApi\MinimalApi.fsproj", "{C907E9F4-39CD-44D4-832A-4830317B4931}"
EndProject
Project("{F2A71F9B-5D33-465A-A702-920D77279786}") = "Sample", "Sample\Sample.fsproj", "{B4239ED5-1615-4452-800F-8A447187D80F}"
EndProject
Global
	GlobalSection(SolutionConfigurationPlatforms) = preSolution
		Debug|Any CPU = Debug|Any CPU
		Release|Any CPU = Release|Any CPU
	EndGlobalSection
	GlobalSection(SolutionProperties) = preSolution
		HideSolutionNode = FALSE
	EndGlobalSection
	GlobalSection(ProjectConfigurationPlatforms) = postSolution
		{C907E9F4-39CD-44D4-832A-4830317B4931}.Debug|Any CPU.ActiveCfg = Debug|Any CPU
		{C907E9F4-39CD-44D4-832A-4830317B4931}.Debug|Any CPU.Build.0 = Debug|Any CPU
		{C907E9F4-39CD-44D4-832A-4830317B4931}.Release|Any CPU.ActiveCfg = Release|Any CPU
		{C907E9F4-39CD-44D4-832A-4830317B4931}.Release|Any CPU.Build.0 = Release|Any CPU
		{B4239ED5-1615-4452-800F-8A447187D80F}.Debug|Any CPU.ActiveCfg = Debug|Any CPU
		{B4239ED5-1615-4452-800F-8A447187D80F}.Debug|Any CPU.Build.0 = Debug|Any CPU
		{B4239ED5-1615-4452-800F-8A447187D80F}.Release|Any CPU.ActiveCfg = Release|Any CPU
		{B4239ED5-1615-4452-800F-8A447187D80F}.Release|Any CPU.Build.0 = Release|Any CPU
	EndGlobalSection
EndGlobal
